
Microsoft Visual Studio Solution File, Format Version 12.00
# Visual Studio 15
VisualStudioVersion = 15.0.27703.2018
MinimumVisualStudioVersion = 10.0.40219.1
Project("{9A19103F-16F7-4668-BE54-9A1E7A4F7556}") = "CoreParsingSite", "CoreParsingSite\CoreParsingSite.csproj", "{B007CE32-1CAD-49F7-9CBB-ACE25886534C}"
EndProject
Project("{FAE04EC0-301F-11D3-BF4B-00C04F79EFBC}") = "CoreParsingSite.TestxUnit", "CoreParsingSite.TestxUnit\CoreParsingSite.TestxUnit.csproj", "{46CA31B5-D5C0-4873-91CE-29DE752EFEDE}"
EndProject
Global
	GlobalSection(SolutionConfigurationPlatforms) = preSolution
		Debug|Any CPU = Debug|Any CPU
		Release|Any CPU = Release|Any CPU
	EndGlobalSection
	GlobalSection(ProjectConfigurationPlatforms) = postSolution
		{B007CE32-1CAD-49F7-9CBB-ACE25886534C}.Debug|Any CPU.ActiveCfg = Debug|Any CPU
		{B007CE32-1CAD-49F7-9CBB-ACE25886534C}.Debug|Any CPU.Build.0 = Debug|Any CPU
		{B007CE32-1CAD-49F7-9CBB-ACE25886534C}.Release|Any CPU.ActiveCfg = Release|Any CPU
		{B007CE32-1CAD-49F7-9CBB-ACE25886534C}.Release|Any CPU.Build.0 = Release|Any CPU
		{46CA31B5-D5C0-4873-91CE-29DE752EFEDE}.Debug|Any CPU.ActiveCfg = Debug|Any CPU
		{46CA31B5-D5C0-4873-91CE-29DE752EFEDE}.Debug|Any CPU.Build.0 = Debug|Any CPU
		{46CA31B5-D5C0-4873-91CE-29DE752EFEDE}.Release|Any CPU.ActiveCfg = Release|Any CPU
		{46CA31B5-D5C0-4873-91CE-29DE752EFEDE}.Release|Any CPU.Build.0 = Release|Any CPU
	EndGlobalSection
	GlobalSection(SolutionProperties) = preSolution
		HideSolutionNode = FALSE
	EndGlobalSection
	GlobalSection(ExtensibilityGlobals) = postSolution
		SolutionGuid = {0598BEBB-A9AF-41BB-AFFD-D55E81A388ED}
	EndGlobalSection
EndGlobal
